# This file is automatically @generated by Poetry 1.8.3 and should not be changed by hand.

[[package]]
name = "defusedxml"
version = "0.7.1"
description = "XML bomb protection for Python stdlib modules"
optional = false
python-versions = ">=2.7, !=3.0.*, !=3.1.*, !=3.2.*, !=3.3.*, !=3.4.*"
files = [
    {file = "defusedxml-0.7.1-py2.py3-none-any.whl", hash = "sha256:a352e7e428770286cc899e2542b6cdaedb2b4953ff269a210103ec58f6198a61"},
    {file = "defusedxml-0.7.1.tar.gz", hash = "sha256:1bb3032db185915b62d7c6209c5a8792be6a32ab2fedacc84e01b52c51aa3e69"},
]

[[package]]
name = "nose"
version = "1.3.7"
description = "nose extends unittest to make testing easier"
optional = false
python-versions = "*"
files = [
    {file = "nose-1.3.7-py2-none-any.whl", hash = "sha256:dadcddc0aefbf99eea214e0f1232b94f2fa9bd98fa8353711dacb112bfcbbb2a"},
    {file = "nose-1.3.7-py3-none-any.whl", hash = "sha256:9ff7c6cc443f8c51994b34a667bbcf45afd6d945be7477b52e97516fd17c53ac"},
    {file = "nose-1.3.7.tar.gz", hash = "sha256:f1bffef9cbc82628f6e7d7b40d7e255aefaa1adb6a1b1d26c69a8b79e6208a98"},
]

[[package]]
name = "pdfrw2"
version = "0.5.0"
description = "PDF file reader/writer library"
optional = false
python-versions = "*"
files = [
    {file = "pdfrw2-0.5.0-py2.py3-none-any.whl", hash = "sha256:16aea0be23a19aa5fe5ae57ad3bbaac97b76c3a5b6eacd14cbfa54442c37a21b"},
    {file = "pdfrw2-0.5.0.tar.gz", hash = "sha256:e6a9ccab83e769a7a8bfe2dbddf0f49dd7ebe52032e929574f01bbbfa21971ed"},
]

[metadata]
lock-version = "2.0"
python-versions = "^3.7"
content-hash = "1cc248d8336e3159aef720456e0ea8f456a38928b4070134acaf46b45f2f413c"
